
Microsoft Visual Studio Solution File, Format Version 12.00
# Visual Studio Version 16
VisualStudioVersion = 16.0.30330.147
MinimumVisualStudioVersion = 10.0.40219.1
Project("{FAE04EC0-301F-11D3-BF4B-00C04F79EFBC}") = "InheritanceAndComposition", "InheritanceAndComposition\InheritanceAndComposition.csproj", "{4E904805-DB31-4BF2-A6CD-94E68F1A3D9B}"
EndProject
Global
	GlobalSection(SolutionConfigurationPlatforms) = preSolution
		Debug|Any CPU = Debug|Any CPU
		Release|Any CPU = Release|Any CPU
	EndGlobalSection
	GlobalSection(ProjectConfigurationPlatforms) = postSolution
		{4E904805-DB31-4BF2-A6CD-94E68F1A3D9B}.Debug|Any CPU.ActiveCfg = Debug|Any CPU
		{4E904805-DB31-4BF2-A6CD-94E68F1A3D9B}.Debug|Any CPU.Build.0 = Debug|Any CPU
		{4E904805-DB31-4BF2-A6CD-94E68F1A3D9B}.Release|Any CPU.ActiveCfg = Release|Any CPU
		{4E904805-DB31-4BF2-A6CD-94E68F1A3D9B}.Release|Any CPU.Build.0 = Release|Any CPU
	EndGlobalSection
	GlobalSection(SolutionProperties) = preSolution
		HideSolutionNode = FALSE
	EndGlobalSection
	GlobalSection(ExtensibilityGlobals) = postSolution
		SolutionGuid = {11E57DE7-51ED-45FF-99B2-5E97FD0C731A}
	EndGlobalSection
EndGlobal
